
Microsoft Visual Studio Solution File, Format Version 11.00
# Visual Studio 2010
Project("{FAE04EC0-301F-11D3-BF4B-00C04F79EFBC}") = "Anagram", "Anagram\Anagram.csproj", "{192CE07C-A2FF-43D4-BB08-39AC374FD055}"
EndProject
Global
	GlobalSection(SolutionConfigurationPlatforms) = preSolution
		Debug|x86 = Debug|x86
		Release|x86 = Release|x86
	EndGlobalSection
	GlobalSection(ProjectConfigurationPlatforms) = postSolution
		{192CE07C-A2FF-43D4-BB08-39AC374FD055}.Debug|x86.ActiveCfg = Debug|x86
		{192CE07C-A2FF-43D4-BB08-39AC374FD055}.Debug|x86.Build.0 = Debug|x86
		{192CE07C-A2FF-43D4-BB08-39AC374FD055}.Release|x86.ActiveCfg = Release|x86
		{192CE07C-A2FF-43D4-BB08-39AC374FD055}.Release|x86.Build.0 = Release|x86
	EndGlobalSection
	GlobalSection(SolutionProperties) = preSolution
		HideSolutionNode = FALSE
	EndGlobalSection
EndGlobal
